
Microsoft Visual Studio Solution File, Format Version 12.00
# Visual Studio Version 17
VisualStudioVersion = 17.9.34622.214
MinimumVisualStudioVersion = 10.0.40219.1
Project("{9A19103F-16F7-4668-BE54-9A1E7A4F7556}") = "Exam4Practice", "Exam4Practice\Exam4Practice.csproj", "{3189C247-BBE8-44C2-BDB3-8CCBABD845EC}"
EndProject
Global
	GlobalSection(SolutionConfigurationPlatforms) = preSolution
		Debug|Any CPU = Debug|Any CPU
		Release|Any CPU = Release|Any CPU
	EndGlobalSection
	GlobalSection(ProjectConfigurationPlatforms) = postSolution
		{3189C247-BBE8-44C2-BDB3-8CCBABD845EC}.Debug|Any CPU.ActiveCfg = Debug|Any CPU
		{3189C247-BBE8-44C2-BDB3-8CCBABD845EC}.Debug|Any CPU.Build.0 = Debug|Any CPU
		{3189C247-BBE8-44C2-BDB3-8CCBABD845EC}.Release|Any CPU.ActiveCfg = Release|Any CPU
		{3189C247-BBE8-44C2-BDB3-8CCBABD845EC}.Release|Any CPU.Build.0 = Release|Any CPU
	EndGlobalSection
	GlobalSection(SolutionProperties) = preSolution
		HideSolutionNode = FALSE
	EndGlobalSection
	GlobalSection(ExtensibilityGlobals) = postSolution
		SolutionGuid = {21CA018E-D5FD-41FD-88FB-20035D0A4977}
	EndGlobalSection
EndGlobal
