
Microsoft Visual Studio Solution File, Format Version 12.00
# Visual Studio Version 17
VisualStudioVersion = 17.11.35327.3
MinimumVisualStudioVersion = 10.0.40219.1
Project("{FAE04EC0-301F-11D3-BF4B-00C04F79EFBC}") = "ICA06", "ICA06\ICA06.csproj", "{F5F88B1E-3845-4BC5-8880-53A234A6FB33}"
EndProject
Global
	GlobalSection(SolutionConfigurationPlatforms) = preSolution
		Debug|Any CPU = Debug|Any CPU
		Release|Any CPU = Release|Any CPU
	EndGlobalSection
	GlobalSection(ProjectConfigurationPlatforms) = postSolution
		{F5F88B1E-3845-4BC5-8880-53A234A6FB33}.Debug|Any CPU.ActiveCfg = Debug|Any CPU
		{F5F88B1E-3845-4BC5-8880-53A234A6FB33}.Debug|Any CPU.Build.0 = Debug|Any CPU
		{F5F88B1E-3845-4BC5-8880-53A234A6FB33}.Release|Any CPU.ActiveCfg = Release|Any CPU
		{F5F88B1E-3845-4BC5-8880-53A234A6FB33}.Release|Any CPU.Build.0 = Release|Any CPU
	EndGlobalSection
	GlobalSection(SolutionProperties) = preSolution
		HideSolutionNode = FALSE
	EndGlobalSection
	GlobalSection(ExtensibilityGlobals) = postSolution
		SolutionGuid = {67BBE3A6-1314-4639-BBFD-1F845B43908C}
	EndGlobalSection
EndGlobal
